
Microsoft Visual Studio Solution File, Format Version 12.00
# Visual Studio 15
VisualStudioVersion = 15.0.28307.1267
MinimumVisualStudioVersion = 10.0.40219.1
Project("{FAE04EC0-301F-11D3-BF4B-00C04F79EFBC}") = "MyAVLTree", "MyAVLTree\MyAVLTree.csproj", "{D023273C-4837-4269-AADF-58BA68335398}"
EndProject
Project("{FAE04EC0-301F-11D3-BF4B-00C04F79EFBC}") = "TimeChecking", "TimeChecking\TimeChecking.csproj", "{C165332D-FABA-4AC5-8705-5E38BE0EBFFB}"
EndProject
Project("{FAE04EC0-301F-11D3-BF4B-00C04F79EFBC}") = "UnitTests", "UnitTests\UnitTests.csproj", "{A0C31053-364B-4EDB-ACD7-44F2A66C31BD}"
EndProject
Global
	GlobalSection(SolutionConfigurationPlatforms) = preSolution
		Debug|Any CPU = Debug|Any CPU
		Release|Any CPU = Release|Any CPU
	EndGlobalSection
	GlobalSection(ProjectConfigurationPlatforms) = postSolution
		{D023273C-4837-4269-AADF-58BA68335398}.Debug|Any CPU.ActiveCfg = Debug|Any CPU
		{D023273C-4837-4269-AADF-58BA68335398}.Debug|Any CPU.Build.0 = Debug|Any CPU
		{D023273C-4837-4269-AADF-58BA68335398}.Release|Any CPU.ActiveCfg = Release|Any CPU
		{D023273C-4837-4269-AADF-58BA68335398}.Release|Any CPU.Build.0 = Release|Any CPU
		{C165332D-FABA-4AC5-8705-5E38BE0EBFFB}.Debug|Any CPU.ActiveCfg = Debug|Any CPU
		{C165332D-FABA-4AC5-8705-5E38BE0EBFFB}.Debug|Any CPU.Build.0 = Debug|Any CPU
		{C165332D-FABA-4AC5-8705-5E38BE0EBFFB}.Release|Any CPU.ActiveCfg = Release|Any CPU
		{C165332D-FABA-4AC5-8705-5E38BE0EBFFB}.Release|Any CPU.Build.0 = Release|Any CPU
		{A0C31053-364B-4EDB-ACD7-44F2A66C31BD}.Debug|Any CPU.ActiveCfg = Debug|Any CPU
		{A0C31053-364B-4EDB-ACD7-44F2A66C31BD}.Debug|Any CPU.Build.0 = Debug|Any CPU
		{A0C31053-364B-4EDB-ACD7-44F2A66C31BD}.Release|Any CPU.ActiveCfg = Release|Any CPU
		{A0C31053-364B-4EDB-ACD7-44F2A66C31BD}.Release|Any CPU.Build.0 = Release|Any CPU
	EndGlobalSection
	GlobalSection(SolutionProperties) = preSolution
		HideSolutionNode = FALSE
	EndGlobalSection
	GlobalSection(ExtensibilityGlobals) = postSolution
		SolutionGuid = {21CD7C42-78B6-41CC-AA56-4C385E0DB50E}
	EndGlobalSection
EndGlobal
